
Microsoft Visual Studio Solution File, Format Version 12.00
# Visual Studio 15
Project("{FAE04EC0-301F-11D3-BF4B-00C04F79EFBC}") = "Zenject", "Zenject.csproj", "{ED0718AE-B7CD-B069-9D53-864588DC9EE3}"
EndProject
Project("{FAE04EC0-301F-11D3-BF4B-00C04F79EFBC}") = "Zenject-ReflectionBaking-Editor", "Zenject-ReflectionBaking-Editor.csproj", "{5D096955-219E-4403-4C2D-966C25E55274}"
EndProject
Project("{FAE04EC0-301F-11D3-BF4B-00C04F79EFBC}") = "Zenject-Editor", "Zenject-Editor.csproj", "{4FCD22B7-BF58-C947-6403-A647F0A63CF1}"
EndProject
Project("{FAE04EC0-301F-11D3-BF4B-00C04F79EFBC}") = "Enemy", "Enemy.csproj", "{C65CC629-3BBD-CB9C-6304-13AE59197387}"
EndProject
Project("{FAE04EC0-301F-11D3-BF4B-00C04F79EFBC}") = "Zenject-TestFramework", "Zenject-TestFramework.csproj", "{B94C635F-0290-4F44-11F7-C2664A31F3FE}"
EndProject
Project("{FAE04EC0-301F-11D3-BF4B-00C04F79EFBC}") = "Player", "Player.csproj", "{DE9DBF11-478F-3A8F-1B6C-4CD4DF014FAE}"
EndProject
Project("{FAE04EC0-301F-11D3-BF4B-00C04F79EFBC}") = "Zenject-PoolMonitor-Editor", "Zenject-PoolMonitor-Editor.csproj", "{FFE70BAD-420E-F632-0983-F36638F9C7DF}"
EndProject
Project("{FAE04EC0-301F-11D3-BF4B-00C04F79EFBC}") = "Interfaces", "Interfaces.csproj", "{A4C48274-1542-453B-E279-B7A7C25DF06E}"
EndProject
Project("{FAE04EC0-301F-11D3-BF4B-00C04F79EFBC}") = "Main", "Main.csproj", "{DF3B1EF1-3B64-CF97-B227-C983001F9F9D}"
EndProject
Project("{FAE04EC0-301F-11D3-BF4B-00C04F79EFBC}") = "ZenjectUtil", "ZenjectUtil.csproj", "{C8278ECF-D737-44AD-5F0B-493BCD2C3B2F}"
EndProject
Global
	GlobalSection(SolutionConfigurationPlatforms) = preSolution
		Debug|Any CPU = Debug|Any CPU
		Release|Any CPU = Release|Any CPU
	EndGlobalSection
	GlobalSection(ProjectConfigurationPlatforms) = postSolution
		{ED0718AE-B7CD-B069-9D53-864588DC9EE3}.Debug|Any CPU.ActiveCfg = Debug|Any CPU
		{ED0718AE-B7CD-B069-9D53-864588DC9EE3}.Debug|Any CPU.Build.0 = Debug|Any CPU
		{ED0718AE-B7CD-B069-9D53-864588DC9EE3}.Release|Any CPU.ActiveCfg = Release|Any CPU
		{ED0718AE-B7CD-B069-9D53-864588DC9EE3}.Release|Any CPU.Build.0 = Release|Any CPU
		{5D096955-219E-4403-4C2D-966C25E55274}.Debug|Any CPU.ActiveCfg = Debug|Any CPU
		{5D096955-219E-4403-4C2D-966C25E55274}.Debug|Any CPU.Build.0 = Debug|Any CPU
		{5D096955-219E-4403-4C2D-966C25E55274}.Release|Any CPU.ActiveCfg = Release|Any CPU
		{5D096955-219E-4403-4C2D-966C25E55274}.Release|Any CPU.Build.0 = Release|Any CPU
		{4FCD22B7-BF58-C947-6403-A647F0A63CF1}.Debug|Any CPU.ActiveCfg = Debug|Any CPU
		{4FCD22B7-BF58-C947-6403-A647F0A63CF1}.Debug|Any CPU.Build.0 = Debug|Any CPU
		{4FCD22B7-BF58-C947-6403-A647F0A63CF1}.Release|Any CPU.ActiveCfg = Release|Any CPU
		{4FCD22B7-BF58-C947-6403-A647F0A63CF1}.Release|Any CPU.Build.0 = Release|Any CPU
		{C65CC629-3BBD-CB9C-6304-13AE59197387}.Debug|Any CPU.ActiveCfg = Debug|Any CPU
		{C65CC629-3BBD-CB9C-6304-13AE59197387}.Debug|Any CPU.Build.0 = Debug|Any CPU
		{C65CC629-3BBD-CB9C-6304-13AE59197387}.Release|Any CPU.ActiveCfg = Release|Any CPU
		{C65CC629-3BBD-CB9C-6304-13AE59197387}.Release|Any CPU.Build.0 = Release|Any CPU
		{B94C635F-0290-4F44-11F7-C2664A31F3FE}.Debug|Any CPU.ActiveCfg = Debug|Any CPU
		{B94C635F-0290-4F44-11F7-C2664A31F3FE}.Debug|Any CPU.Build.0 = Debug|Any CPU
		{B94C635F-0290-4F44-11F7-C2664A31F3FE}.Release|Any CPU.ActiveCfg = Release|Any CPU
		{B94C635F-0290-4F44-11F7-C2664A31F3FE}.Release|Any CPU.Build.0 = Release|Any CPU
		{DE9DBF11-478F-3A8F-1B6C-4CD4DF014FAE}.Debug|Any CPU.ActiveCfg = Debug|Any CPU
		{DE9DBF11-478F-3A8F-1B6C-4CD4DF014FAE}.Debug|Any CPU.Build.0 = Debug|Any CPU
		{DE9DBF11-478F-3A8F-1B6C-4CD4DF014FAE}.Release|Any CPU.ActiveCfg = Release|Any CPU
		{DE9DBF11-478F-3A8F-1B6C-4CD4DF014FAE}.Release|Any CPU.Build.0 = Release|Any CPU
		{FFE70BAD-420E-F632-0983-F36638F9C7DF}.Debug|Any CPU.ActiveCfg = Debug|Any CPU
		{FFE70BAD-420E-F632-0983-F36638F9C7DF}.Debug|Any CPU.Build.0 = Debug|Any CPU
		{FFE70BAD-420E-F632-0983-F36638F9C7DF}.Release|Any CPU.ActiveCfg = Release|Any CPU
		{FFE70BAD-420E-F632-0983-F36638F9C7DF}.Release|Any CPU.Build.0 = Release|Any CPU
		{A4C48274-1542-453B-E279-B7A7C25DF06E}.Debug|Any CPU.ActiveCfg = Debug|Any CPU
		{A4C48274-1542-453B-E279-B7A7C25DF06E}.Debug|Any CPU.Build.0 = Debug|Any CPU
		{A4C48274-1542-453B-E279-B7A7C25DF06E}.Release|Any CPU.ActiveCfg = Release|Any CPU
		{A4C48274-1542-453B-E279-B7A7C25DF06E}.Release|Any CPU.Build.0 = Release|Any CPU
		{DF3B1EF1-3B64-CF97-B227-C983001F9F9D}.Debug|Any CPU.ActiveCfg = Debug|Any CPU
		{DF3B1EF1-3B64-CF97-B227-C983001F9F9D}.Debug|Any CPU.Build.0 = Debug|Any CPU
		{DF3B1EF1-3B64-CF97-B227-C983001F9F9D}.Release|Any CPU.ActiveCfg = Release|Any CPU
		{DF3B1EF1-3B64-CF97-B227-C983001F9F9D}.Release|Any CPU.Build.0 = Release|Any CPU
		{C8278ECF-D737-44AD-5F0B-493BCD2C3B2F}.Debug|Any CPU.ActiveCfg = Debug|Any CPU
		{C8278ECF-D737-44AD-5F0B-493BCD2C3B2F}.Debug|Any CPU.Build.0 = Debug|Any CPU
		{C8278ECF-D737-44AD-5F0B-493BCD2C3B2F}.Release|Any CPU.ActiveCfg = Release|Any CPU
		{C8278ECF-D737-44AD-5F0B-493BCD2C3B2F}.Release|Any CPU.Build.0 = Release|Any CPU
	EndGlobalSection
	GlobalSection(SolutionProperties) = preSolution
		HideSolutionNode = FALSE
	EndGlobalSection
EndGlobal
